
Microsoft Visual Studio Solution File, Format Version 12.00
# Visual Studio Version 16
VisualStudioVersion = 16.0.29306.81
MinimumVisualStudioVersion = 10.0.40219.1
Project("{FAE04EC0-301F-11D3-BF4B-00C04F79EFBC}") = "SESE", "SESE\SESE.csproj", "{EF1DA6F5-9E20-4241-8F61-D2CB8D51A320}"
EndProject
Project("{FAE04EC0-301F-11D3-BF4B-00C04F79EFBC}") = "EnigmaSettings", "..\EnigmaSettings\EnigmaSettings\EnigmaSettings.csproj", "{A9C23E85-4340-48F8-B59B-9B9AD259DFC7}"
EndProject
Global
	GlobalSection(SolutionConfigurationPlatforms) = preSolution
		Debug|Any CPU = Debug|Any CPU
		Release|Any CPU = Release|Any CPU
	EndGlobalSection
	GlobalSection(ProjectConfigurationPlatforms) = postSolution
		{EF1DA6F5-9E20-4241-8F61-D2CB8D51A320}.Debug|Any CPU.ActiveCfg = Debug|Any CPU
		{EF1DA6F5-9E20-4241-8F61-D2CB8D51A320}.Debug|Any CPU.Build.0 = Debug|Any CPU
		{EF1DA6F5-9E20-4241-8F61-D2CB8D51A320}.Release|Any CPU.ActiveCfg = Release|Any CPU
		{EF1DA6F5-9E20-4241-8F61-D2CB8D51A320}.Release|Any CPU.Build.0 = Release|Any CPU
		{A9C23E85-4340-48F8-B59B-9B9AD259DFC7}.Debug|Any CPU.ActiveCfg = Debug|Any CPU
		{A9C23E85-4340-48F8-B59B-9B9AD259DFC7}.Debug|Any CPU.Build.0 = Debug|Any CPU
		{A9C23E85-4340-48F8-B59B-9B9AD259DFC7}.Release|Any CPU.ActiveCfg = Release|Any CPU
		{A9C23E85-4340-48F8-B59B-9B9AD259DFC7}.Release|Any CPU.Build.0 = Release|Any CPU
	EndGlobalSection
	GlobalSection(SolutionProperties) = preSolution
		HideSolutionNode = FALSE
	EndGlobalSection
	GlobalSection(ExtensibilityGlobals) = postSolution
		SolutionGuid = {E83C45E5-AAC2-4F59-85B4-934A5379BF65}
	EndGlobalSection
EndGlobal
